
Microsoft Visual Studio Solution File, Format Version 12.00
# Visual Studio 2012
Project("{FAE04EC0-301F-11D3-BF4B-00C04F79EFBC}") = "Avalanche.Web", "Avalanche.Web\Avalanche.Web.csproj", "{A345B724-1467-4497-A77A-FD1771BDC120}"
EndProject
Project("{FAE04EC0-301F-11D3-BF4B-00C04F79EFBC}") = "Avalanche.Data", "Avalanche.Data\Avalanche.Data.csproj", "{319FDEAA-FF00-476F-9AC9-8FF4EDBAC1FD}"
EndProject
Project("{FAE04EC0-301F-11D3-BF4B-00C04F79EFBC}") = "Avalanche.Model", "Avalanche.Model\Avalanche.Model.csproj", "{E6B924E9-6DB1-4E88-BF08-499688606471}"
EndProject
Global
	GlobalSection(SolutionConfigurationPlatforms) = preSolution
		Debug|Any CPU = Debug|Any CPU
		Release|Any CPU = Release|Any CPU
	EndGlobalSection
	GlobalSection(ProjectConfigurationPlatforms) = postSolution
		{A345B724-1467-4497-A77A-FD1771BDC120}.Debug|Any CPU.ActiveCfg = Debug|Any CPU
		{A345B724-1467-4497-A77A-FD1771BDC120}.Debug|Any CPU.Build.0 = Debug|Any CPU
		{A345B724-1467-4497-A77A-FD1771BDC120}.Release|Any CPU.ActiveCfg = Release|Any CPU
		{A345B724-1467-4497-A77A-FD1771BDC120}.Release|Any CPU.Build.0 = Release|Any CPU
		{319FDEAA-FF00-476F-9AC9-8FF4EDBAC1FD}.Debug|Any CPU.ActiveCfg = Debug|Any CPU
		{319FDEAA-FF00-476F-9AC9-8FF4EDBAC1FD}.Debug|Any CPU.Build.0 = Debug|Any CPU
		{319FDEAA-FF00-476F-9AC9-8FF4EDBAC1FD}.Release|Any CPU.ActiveCfg = Release|Any CPU
		{319FDEAA-FF00-476F-9AC9-8FF4EDBAC1FD}.Release|Any CPU.Build.0 = Release|Any CPU
		{E6B924E9-6DB1-4E88-BF08-499688606471}.Debug|Any CPU.ActiveCfg = Debug|Any CPU
		{E6B924E9-6DB1-4E88-BF08-499688606471}.Debug|Any CPU.Build.0 = Debug|Any CPU
		{E6B924E9-6DB1-4E88-BF08-499688606471}.Release|Any CPU.ActiveCfg = Release|Any CPU
		{E6B924E9-6DB1-4E88-BF08-499688606471}.Release|Any CPU.Build.0 = Release|Any CPU
	EndGlobalSection
	GlobalSection(SolutionProperties) = preSolution
		HideSolutionNode = FALSE
	EndGlobalSection
EndGlobal
